
Microsoft Visual Studio Solution File, Format Version 12.00
# Visual Studio Version 17
VisualStudioVersion = 17.11.35327.3
MinimumVisualStudioVersion = 10.0.40219.1
Project("{8BC9CEB8-8B4A-11D0-8D11-00A0C91BC942}") = "Parapuf_Rozalia_ActivitateSD2025", "Parapuf_Rozalia_ActivitateSD2025.vcxproj", "{6B5AFE3D-F7C4-40CA-A7D9-CE7283B713FD}"
EndProject
Global
	GlobalSection(SolutionConfigurationPlatforms) = preSolution
		Debug|x64 = Debug|x64
		Debug|x86 = Debug|x86
		Release|x64 = Release|x64
		Release|x86 = Release|x86
	EndGlobalSection
	GlobalSection(ProjectConfigurationPlatforms) = postSolution
		{6B5AFE3D-F7C4-40CA-A7D9-CE7283B713FD}.Debug|x64.ActiveCfg = Debug|x64
		{6B5AFE3D-F7C4-40CA-A7D9-CE7283B713FD}.Debug|x64.Build.0 = Debug|x64
		{6B5AFE3D-F7C4-40CA-A7D9-CE7283B713FD}.Debug|x86.ActiveCfg = Debug|Win32
		{6B5AFE3D-F7C4-40CA-A7D9-CE7283B713FD}.Debug|x86.Build.0 = Debug|Win32
		{6B5AFE3D-F7C4-40CA-A7D9-CE7283B713FD}.Release|x64.ActiveCfg = Release|x64
		{6B5AFE3D-F7C4-40CA-A7D9-CE7283B713FD}.Release|x64.Build.0 = Release|x64
		{6B5AFE3D-F7C4-40CA-A7D9-CE7283B713FD}.Release|x86.ActiveCfg = Release|Win32
		{6B5AFE3D-F7C4-40CA-A7D9-CE7283B713FD}.Release|x86.Build.0 = Release|Win32
	EndGlobalSection
	GlobalSection(SolutionProperties) = preSolution
		HideSolutionNode = FALSE
	EndGlobalSection
	GlobalSection(ExtensibilityGlobals) = postSolution
		SolutionGuid = {76DE856A-4D12-451C-A3D8-1F8ED76C291E}
	EndGlobalSection
EndGlobal
